
Microsoft Visual Studio Solution File, Format Version 12.00
# Visual Studio Version 16
VisualStudioVersion = 16.0.30413.136
MinimumVisualStudioVersion = 10.0.40219.1
Project("{FAE04EC0-301F-11D3-BF4B-00C04F79EFBC}") = "web_shortcut", "web_shortcut\web_shortcut.csproj", "{44BD5628-66AB-46B2-89EA-C84C27C98997}"
EndProject
Global
	GlobalSection(SolutionConfigurationPlatforms) = preSolution
		Debug|Any CPU = Debug|Any CPU
		Release|Any CPU = Release|Any CPU
	EndGlobalSection
	GlobalSection(ProjectConfigurationPlatforms) = postSolution
		{44BD5628-66AB-46B2-89EA-C84C27C98997}.Debug|Any CPU.ActiveCfg = Debug|Any CPU
		{44BD5628-66AB-46B2-89EA-C84C27C98997}.Debug|Any CPU.Build.0 = Debug|Any CPU
		{44BD5628-66AB-46B2-89EA-C84C27C98997}.Release|Any CPU.ActiveCfg = Release|Any CPU
		{44BD5628-66AB-46B2-89EA-C84C27C98997}.Release|Any CPU.Build.0 = Release|Any CPU
	EndGlobalSection
	GlobalSection(SolutionProperties) = preSolution
		HideSolutionNode = FALSE
	EndGlobalSection
	GlobalSection(ExtensibilityGlobals) = postSolution
		SolutionGuid = {89CECC94-D95A-4CB5-B269-A1DFB2FD5562}
	EndGlobalSection
EndGlobal
